
Microsoft Visual Studio Solution File, Format Version 12.00
# Visual Studio 15
VisualStudioVersion = 15.0.28010.2041
MinimumVisualStudioVersion = 10.0.40219.1
Project("{FAE04EC0-301F-11D3-BF4B-00C04F79EFBC}") = "Handbrake Batch Creator", "Handbrake Batch Creator\Handbrake Batch Creator.csproj", "{7D228D53-5BC3-410B-BA4E-DDC9A01F5524}"
EndProject
Global
	GlobalSection(SolutionConfigurationPlatforms) = preSolution
		Debug|Any CPU = Debug|Any CPU
		Release|Any CPU = Release|Any CPU
	EndGlobalSection
	GlobalSection(ProjectConfigurationPlatforms) = postSolution
		{7D228D53-5BC3-410B-BA4E-DDC9A01F5524}.Debug|Any CPU.ActiveCfg = Debug|Any CPU
		{7D228D53-5BC3-410B-BA4E-DDC9A01F5524}.Debug|Any CPU.Build.0 = Debug|Any CPU
		{7D228D53-5BC3-410B-BA4E-DDC9A01F5524}.Release|Any CPU.ActiveCfg = Release|Any CPU
		{7D228D53-5BC3-410B-BA4E-DDC9A01F5524}.Release|Any CPU.Build.0 = Release|Any CPU
	EndGlobalSection
	GlobalSection(SolutionProperties) = preSolution
		HideSolutionNode = FALSE
	EndGlobalSection
	GlobalSection(ExtensibilityGlobals) = postSolution
		SolutionGuid = {79276A9C-6289-451C-B083-A8F69BA67084}
	EndGlobalSection
EndGlobal
